
Microsoft Visual Studio Solution File, Format Version 12.00
# Visual Studio Version 17
VisualStudioVersion = 17.8.34330.188
MinimumVisualStudioVersion = 10.0.40219.1
Project("{9A19103F-16F7-4668-BE54-9A1E7A4F7556}") = "Sintaxis Basica", "PrimeraAplicacion\Sintaxis Basica.csproj", "{B86E999F-FE00-43B7-ACF0-4118DD8C4924}"
EndProject
Project("{9A19103F-16F7-4668-BE54-9A1E7A4F7556}") = "Metodos", "Metodos\Metodos.csproj", "{0EC10F5A-4D98-42A2-BAF6-E8A339FDD729}"
EndProject
Project("{FAE04EC0-301F-11D3-BF4B-00C04F79EFBC}") = "Condicionales", "Condicionales\Condicionales.csproj", "{7F57FC2B-A9FB-4BF3-A3B4-384F02B6DD84}"
EndProject
Project("{FAE04EC0-301F-11D3-BF4B-00C04F79EFBC}") = "Bucles", "Bucles\Bucles.csproj", "{2C3C46D1-A258-461C-8AE2-41D2BF4ADC4E}"
EndProject
Project("{FAE04EC0-301F-11D3-BF4B-00C04F79EFBC}") = "Excepciones", "Excepciones\Excepciones.csproj", "{93045FD4-938E-4D8F-B725-911418F8FAE3}"
EndProject
Project("{FAE04EC0-301F-11D3-BF4B-00C04F79EFBC}") = "POO", "POO\POO.csproj", "{C2D936F6-4378-452C-9EDD-C983657A441F}"
EndProject
Global
	GlobalSection(SolutionConfigurationPlatforms) = preSolution
		Debug|Any CPU = Debug|Any CPU
		Release|Any CPU = Release|Any CPU
	EndGlobalSection
	GlobalSection(ProjectConfigurationPlatforms) = postSolution
		{B86E999F-FE00-43B7-ACF0-4118DD8C4924}.Debug|Any CPU.ActiveCfg = Debug|Any CPU
		{B86E999F-FE00-43B7-ACF0-4118DD8C4924}.Debug|Any CPU.Build.0 = Debug|Any CPU
		{B86E999F-FE00-43B7-ACF0-4118DD8C4924}.Release|Any CPU.ActiveCfg = Release|Any CPU
		{B86E999F-FE00-43B7-ACF0-4118DD8C4924}.Release|Any CPU.Build.0 = Release|Any CPU
		{0EC10F5A-4D98-42A2-BAF6-E8A339FDD729}.Debug|Any CPU.ActiveCfg = Debug|Any CPU
		{0EC10F5A-4D98-42A2-BAF6-E8A339FDD729}.Debug|Any CPU.Build.0 = Debug|Any CPU
		{0EC10F5A-4D98-42A2-BAF6-E8A339FDD729}.Release|Any CPU.ActiveCfg = Release|Any CPU
		{0EC10F5A-4D98-42A2-BAF6-E8A339FDD729}.Release|Any CPU.Build.0 = Release|Any CPU
		{7F57FC2B-A9FB-4BF3-A3B4-384F02B6DD84}.Debug|Any CPU.ActiveCfg = Debug|Any CPU
		{7F57FC2B-A9FB-4BF3-A3B4-384F02B6DD84}.Debug|Any CPU.Build.0 = Debug|Any CPU
		{7F57FC2B-A9FB-4BF3-A3B4-384F02B6DD84}.Release|Any CPU.ActiveCfg = Release|Any CPU
		{7F57FC2B-A9FB-4BF3-A3B4-384F02B6DD84}.Release|Any CPU.Build.0 = Release|Any CPU
		{2C3C46D1-A258-461C-8AE2-41D2BF4ADC4E}.Debug|Any CPU.ActiveCfg = Debug|Any CPU
		{2C3C46D1-A258-461C-8AE2-41D2BF4ADC4E}.Debug|Any CPU.Build.0 = Debug|Any CPU
		{2C3C46D1-A258-461C-8AE2-41D2BF4ADC4E}.Release|Any CPU.ActiveCfg = Release|Any CPU
		{2C3C46D1-A258-461C-8AE2-41D2BF4ADC4E}.Release|Any CPU.Build.0 = Release|Any CPU
		{93045FD4-938E-4D8F-B725-911418F8FAE3}.Debug|Any CPU.ActiveCfg = Debug|Any CPU
		{93045FD4-938E-4D8F-B725-911418F8FAE3}.Debug|Any CPU.Build.0 = Debug|Any CPU
		{93045FD4-938E-4D8F-B725-911418F8FAE3}.Release|Any CPU.ActiveCfg = Release|Any CPU
		{93045FD4-938E-4D8F-B725-911418F8FAE3}.Release|Any CPU.Build.0 = Release|Any CPU
		{C2D936F6-4378-452C-9EDD-C983657A441F}.Debug|Any CPU.ActiveCfg = Debug|Any CPU
		{C2D936F6-4378-452C-9EDD-C983657A441F}.Debug|Any CPU.Build.0 = Debug|Any CPU
		{C2D936F6-4378-452C-9EDD-C983657A441F}.Release|Any CPU.ActiveCfg = Release|Any CPU
		{C2D936F6-4378-452C-9EDD-C983657A441F}.Release|Any CPU.Build.0 = Release|Any CPU
	EndGlobalSection
	GlobalSection(SolutionProperties) = preSolution
		HideSolutionNode = FALSE
	EndGlobalSection
	GlobalSection(ExtensibilityGlobals) = postSolution
		SolutionGuid = {03727699-3E79-4BBE-A8D0-7D9475BCA43B}
	EndGlobalSection
EndGlobal
