
Microsoft Visual Studio Solution File, Format Version 12.00
# Visual Studio Version 17
VisualStudioVersion = 17.8.34330.188
MinimumVisualStudioVersion = 10.0.40219.1
Project("{9A19103F-16F7-4668-BE54-9A1E7A4F7556}") = "Metodos", "Metodos\Metodos.csproj", "{0EC10F5A-4D98-42A2-BAF6-E8A339FDD729}"
EndProject
Project("{9A19103F-16F7-4668-BE54-9A1E7A4F7556}") = "Condicionales", "Condicionales\Condicionales.csproj", "{7F57FC2B-A9FB-4BF3-A3B4-384F02B6DD84}"
EndProject
Project("{9A19103F-16F7-4668-BE54-9A1E7A4F7556}") = "Bucles", "Bucles\Bucles.csproj", "{2C3C46D1-A258-461C-8AE2-41D2BF4ADC4E}"
EndProject
Project("{9A19103F-16F7-4668-BE54-9A1E7A4F7556}") = "Excepciones", "Excepciones\Excepciones.csproj", "{93045FD4-938E-4D8F-B725-911418F8FAE3}"
EndProject
Project("{9A19103F-16F7-4668-BE54-9A1E7A4F7556}") = "POO", "POO\POO.csproj", "{C2D936F6-4378-452C-9EDD-C983657A441F}"
EndProject
Project("{9A19103F-16F7-4668-BE54-9A1E7A4F7556}") = "Arrays", "Arrays\Arrays.csproj", "{35CC829F-AD9B-4B2F-B141-DECE46347A9C}"
EndProject
Project("{9A19103F-16F7-4668-BE54-9A1E7A4F7556}") = "Herencia", "Herencia\Herencia.csproj", "{67BB86BD-EBCB-4EAE-A35C-D287E71FB713}"
EndProject
Project("{9A19103F-16F7-4668-BE54-9A1E7A4F7556}") = "Interfaces", "Interfaces\Interfaces.csproj", "{95CD45BA-BE66-496C-B4A9-D5BDBF560B4B}"
EndProject
Project("{9A19103F-16F7-4668-BE54-9A1E7A4F7556}") = "Clases Abstractas", "Clases Abstractas\Clases Abstractas.csproj", "{C776DCA9-FDEB-4090-B856-4C61010B7BC9}"
EndProject
Project("{9A19103F-16F7-4668-BE54-9A1E7A4F7556}") = "Clases selladas", "Clases selladas\Clases selladas.csproj", "{07DB2FC4-647E-4346-AF11-D56D121429A3}"
EndProject
Project("{9A19103F-16F7-4668-BE54-9A1E7A4F7556}") = "Properties", "Properties\Properties.csproj", "{07197113-E060-4354-874E-0BD3E034B8CC}"
EndProject
Project("{9A19103F-16F7-4668-BE54-9A1E7A4F7556}") = "Struct", "Struct\Struct.csproj", "{0C70FCDA-D9CD-4752-8902-503573CC03D9}"
EndProject
Project("{9A19103F-16F7-4668-BE54-9A1E7A4F7556}") = "Enum", "Enum\Enum.csproj", "{7272B5C6-A6B3-4D4F-9469-477B49DF2AA4}"
EndProject
Project("{9A19103F-16F7-4668-BE54-9A1E7A4F7556}") = "Destructor", "Destructor\Destructor.csproj", "{E8DB2580-6399-45CF-9462-C145BE3A4CA7}"
EndProject
Project("{9A19103F-16F7-4668-BE54-9A1E7A4F7556}") = "Genericos", "Genericos\Genericos.csproj", "{2C32C35C-B665-4D97-9560-F178E58359AD}"
EndProject
Project("{9A19103F-16F7-4668-BE54-9A1E7A4F7556}") = "Colecciones", "Colecciones\Colecciones.csproj", "{253A76C9-E4B8-4171-B1B1-2E1157B6A541}"
EndProject
Project("{9A19103F-16F7-4668-BE54-9A1E7A4F7556}") = "Delegados, Predicados y Lambdas", "Delegados, Predicados y Lambdas\Delegados, Predicados y Lambdas.csproj", "{7D885B33-4DD1-4FD8-84BC-519BAF97FE99}"
EndProject
Project("{9A19103F-16F7-4668-BE54-9A1E7A4F7556}") = "Expresiones Regulares", "Expresiones Regulares\Expresiones Regulares.csproj", "{DB812F1E-56B4-4317-B8DF-9E132DA5A748}"
EndProject
Project("{9A19103F-16F7-4668-BE54-9A1E7A4F7556}") = "WPF App", "WPF App\WPF App.csproj", "{C1FAEFAA-AD17-4057-B323-637CA50A794D}"
EndProject
Project("{9A19103F-16F7-4668-BE54-9A1E7A4F7556}") = "Sintaxis Basica", "Sintaxis Basica\Sintaxis Basica.csproj", "{8504D419-ED48-4556-873B-23E8C5263EC8}"
EndProject
Project("{FAE04EC0-301F-11D3-BF4B-00C04F79EFBC}") = "WPF Gestion Pedidos", "WPF Gestion Pedidos\WPF Gestion Pedidos.csproj", "{532AC325-D134-4FAF-9B91-F1F493EEC2D0}"
EndProject
Project("{9A19103F-16F7-4668-BE54-9A1E7A4F7556}") = "LINQ", "LINQ\LINQ.csproj", "{1A386DDF-C1FB-4522-9D2A-8B211B2B6030}"
EndProject
Project("{FAE04EC0-301F-11D3-BF4B-00C04F79EFBC}") = "LINQ SQL", "LINQ SQL\LINQ SQL.csproj", "{81B9C7E0-896C-4392-9131-B44A08FA62DC}"
EndProject
Project("{9A19103F-16F7-4668-BE54-9A1E7A4F7556}") = "Threads", "Threads\Threads.csproj", "{AE33DE52-F264-45B5-9028-789D6FF3CE33}"
EndProject
Project("{FAE04EC0-301F-11D3-BF4B-00C04F79EFBC}") = "Tasks", "Tasks\Tasks.csproj", "{0D3A5769-5EA5-461F-A835-24B1F4301FDC}"
EndProject
Global
	GlobalSection(SolutionConfigurationPlatforms) = preSolution
		Debug|Any CPU = Debug|Any CPU
		Release|Any CPU = Release|Any CPU
	EndGlobalSection
	GlobalSection(ProjectConfigurationPlatforms) = postSolution
		{0EC10F5A-4D98-42A2-BAF6-E8A339FDD729}.Debug|Any CPU.ActiveCfg = Debug|Any CPU
		{0EC10F5A-4D98-42A2-BAF6-E8A339FDD729}.Debug|Any CPU.Build.0 = Debug|Any CPU
		{0EC10F5A-4D98-42A2-BAF6-E8A339FDD729}.Release|Any CPU.ActiveCfg = Release|Any CPU
		{0EC10F5A-4D98-42A2-BAF6-E8A339FDD729}.Release|Any CPU.Build.0 = Release|Any CPU
		{7F57FC2B-A9FB-4BF3-A3B4-384F02B6DD84}.Debug|Any CPU.ActiveCfg = Debug|Any CPU
		{7F57FC2B-A9FB-4BF3-A3B4-384F02B6DD84}.Debug|Any CPU.Build.0 = Debug|Any CPU
		{7F57FC2B-A9FB-4BF3-A3B4-384F02B6DD84}.Release|Any CPU.ActiveCfg = Release|Any CPU
		{7F57FC2B-A9FB-4BF3-A3B4-384F02B6DD84}.Release|Any CPU.Build.0 = Release|Any CPU
		{2C3C46D1-A258-461C-8AE2-41D2BF4ADC4E}.Debug|Any CPU.ActiveCfg = Debug|Any CPU
		{2C3C46D1-A258-461C-8AE2-41D2BF4ADC4E}.Debug|Any CPU.Build.0 = Debug|Any CPU
		{2C3C46D1-A258-461C-8AE2-41D2BF4ADC4E}.Release|Any CPU.ActiveCfg = Release|Any CPU
		{2C3C46D1-A258-461C-8AE2-41D2BF4ADC4E}.Release|Any CPU.Build.0 = Release|Any CPU
		{93045FD4-938E-4D8F-B725-911418F8FAE3}.Debug|Any CPU.ActiveCfg = Debug|Any CPU
		{93045FD4-938E-4D8F-B725-911418F8FAE3}.Debug|Any CPU.Build.0 = Debug|Any CPU
		{93045FD4-938E-4D8F-B725-911418F8FAE3}.Release|Any CPU.ActiveCfg = Release|Any CPU
		{93045FD4-938E-4D8F-B725-911418F8FAE3}.Release|Any CPU.Build.0 = Release|Any CPU
		{C2D936F6-4378-452C-9EDD-C983657A441F}.Debug|Any CPU.ActiveCfg = Debug|Any CPU
		{C2D936F6-4378-452C-9EDD-C983657A441F}.Debug|Any CPU.Build.0 = Debug|Any CPU
		{C2D936F6-4378-452C-9EDD-C983657A441F}.Release|Any CPU.ActiveCfg = Release|Any CPU
		{C2D936F6-4378-452C-9EDD-C983657A441F}.Release|Any CPU.Build.0 = Release|Any CPU
		{35CC829F-AD9B-4B2F-B141-DECE46347A9C}.Debug|Any CPU.ActiveCfg = Debug|Any CPU
		{35CC829F-AD9B-4B2F-B141-DECE46347A9C}.Debug|Any CPU.Build.0 = Debug|Any CPU
		{35CC829F-AD9B-4B2F-B141-DECE46347A9C}.Release|Any CPU.ActiveCfg = Release|Any CPU
		{35CC829F-AD9B-4B2F-B141-DECE46347A9C}.Release|Any CPU.Build.0 = Release|Any CPU
		{67BB86BD-EBCB-4EAE-A35C-D287E71FB713}.Debug|Any CPU.ActiveCfg = Debug|Any CPU
		{67BB86BD-EBCB-4EAE-A35C-D287E71FB713}.Debug|Any CPU.Build.0 = Debug|Any CPU
		{67BB86BD-EBCB-4EAE-A35C-D287E71FB713}.Release|Any CPU.ActiveCfg = Release|Any CPU
		{67BB86BD-EBCB-4EAE-A35C-D287E71FB713}.Release|Any CPU.Build.0 = Release|Any CPU
		{95CD45BA-BE66-496C-B4A9-D5BDBF560B4B}.Debug|Any CPU.ActiveCfg = Debug|Any CPU
		{95CD45BA-BE66-496C-B4A9-D5BDBF560B4B}.Debug|Any CPU.Build.0 = Debug|Any CPU
		{95CD45BA-BE66-496C-B4A9-D5BDBF560B4B}.Release|Any CPU.ActiveCfg = Release|Any CPU
		{95CD45BA-BE66-496C-B4A9-D5BDBF560B4B}.Release|Any CPU.Build.0 = Release|Any CPU
		{C776DCA9-FDEB-4090-B856-4C61010B7BC9}.Debug|Any CPU.ActiveCfg = Debug|Any CPU
		{C776DCA9-FDEB-4090-B856-4C61010B7BC9}.Debug|Any CPU.Build.0 = Debug|Any CPU
		{C776DCA9-FDEB-4090-B856-4C61010B7BC9}.Release|Any CPU.ActiveCfg = Release|Any CPU
		{C776DCA9-FDEB-4090-B856-4C61010B7BC9}.Release|Any CPU.Build.0 = Release|Any CPU
		{07DB2FC4-647E-4346-AF11-D56D121429A3}.Debug|Any CPU.ActiveCfg = Debug|Any CPU
		{07DB2FC4-647E-4346-AF11-D56D121429A3}.Debug|Any CPU.Build.0 = Debug|Any CPU
		{07DB2FC4-647E-4346-AF11-D56D121429A3}.Release|Any CPU.ActiveCfg = Release|Any CPU
		{07DB2FC4-647E-4346-AF11-D56D121429A3}.Release|Any CPU.Build.0 = Release|Any CPU
		{07197113-E060-4354-874E-0BD3E034B8CC}.Debug|Any CPU.ActiveCfg = Debug|Any CPU
		{07197113-E060-4354-874E-0BD3E034B8CC}.Debug|Any CPU.Build.0 = Debug|Any CPU
		{07197113-E060-4354-874E-0BD3E034B8CC}.Release|Any CPU.ActiveCfg = Release|Any CPU
		{07197113-E060-4354-874E-0BD3E034B8CC}.Release|Any CPU.Build.0 = Release|Any CPU
		{0C70FCDA-D9CD-4752-8902-503573CC03D9}.Debug|Any CPU.ActiveCfg = Debug|Any CPU
		{0C70FCDA-D9CD-4752-8902-503573CC03D9}.Debug|Any CPU.Build.0 = Debug|Any CPU
		{0C70FCDA-D9CD-4752-8902-503573CC03D9}.Release|Any CPU.ActiveCfg = Release|Any CPU
		{0C70FCDA-D9CD-4752-8902-503573CC03D9}.Release|Any CPU.Build.0 = Release|Any CPU
		{7272B5C6-A6B3-4D4F-9469-477B49DF2AA4}.Debug|Any CPU.ActiveCfg = Debug|Any CPU
		{7272B5C6-A6B3-4D4F-9469-477B49DF2AA4}.Debug|Any CPU.Build.0 = Debug|Any CPU
		{7272B5C6-A6B3-4D4F-9469-477B49DF2AA4}.Release|Any CPU.ActiveCfg = Release|Any CPU
		{7272B5C6-A6B3-4D4F-9469-477B49DF2AA4}.Release|Any CPU.Build.0 = Release|Any CPU
		{E8DB2580-6399-45CF-9462-C145BE3A4CA7}.Debug|Any CPU.ActiveCfg = Debug|Any CPU
		{E8DB2580-6399-45CF-9462-C145BE3A4CA7}.Debug|Any CPU.Build.0 = Debug|Any CPU
		{E8DB2580-6399-45CF-9462-C145BE3A4CA7}.Release|Any CPU.ActiveCfg = Release|Any CPU
		{E8DB2580-6399-45CF-9462-C145BE3A4CA7}.Release|Any CPU.Build.0 = Release|Any CPU
		{2C32C35C-B665-4D97-9560-F178E58359AD}.Debug|Any CPU.ActiveCfg = Debug|Any CPU
		{2C32C35C-B665-4D97-9560-F178E58359AD}.Debug|Any CPU.Build.0 = Debug|Any CPU
		{2C32C35C-B665-4D97-9560-F178E58359AD}.Release|Any CPU.ActiveCfg = Release|Any CPU
		{2C32C35C-B665-4D97-9560-F178E58359AD}.Release|Any CPU.Build.0 = Release|Any CPU
		{253A76C9-E4B8-4171-B1B1-2E1157B6A541}.Debug|Any CPU.ActiveCfg = Debug|Any CPU
		{253A76C9-E4B8-4171-B1B1-2E1157B6A541}.Debug|Any CPU.Build.0 = Debug|Any CPU
		{253A76C9-E4B8-4171-B1B1-2E1157B6A541}.Release|Any CPU.ActiveCfg = Release|Any CPU
		{253A76C9-E4B8-4171-B1B1-2E1157B6A541}.Release|Any CPU.Build.0 = Release|Any CPU
		{7D885B33-4DD1-4FD8-84BC-519BAF97FE99}.Debug|Any CPU.ActiveCfg = Debug|Any CPU
		{7D885B33-4DD1-4FD8-84BC-519BAF97FE99}.Debug|Any CPU.Build.0 = Debug|Any CPU
		{7D885B33-4DD1-4FD8-84BC-519BAF97FE99}.Release|Any CPU.ActiveCfg = Release|Any CPU
		{7D885B33-4DD1-4FD8-84BC-519BAF97FE99}.Release|Any CPU.Build.0 = Release|Any CPU
		{DB812F1E-56B4-4317-B8DF-9E132DA5A748}.Debug|Any CPU.ActiveCfg = Debug|Any CPU
		{DB812F1E-56B4-4317-B8DF-9E132DA5A748}.Debug|Any CPU.Build.0 = Debug|Any CPU
		{DB812F1E-56B4-4317-B8DF-9E132DA5A748}.Release|Any CPU.ActiveCfg = Release|Any CPU
		{DB812F1E-56B4-4317-B8DF-9E132DA5A748}.Release|Any CPU.Build.0 = Release|Any CPU
		{C1FAEFAA-AD17-4057-B323-637CA50A794D}.Debug|Any CPU.ActiveCfg = Debug|Any CPU
		{C1FAEFAA-AD17-4057-B323-637CA50A794D}.Debug|Any CPU.Build.0 = Debug|Any CPU
		{C1FAEFAA-AD17-4057-B323-637CA50A794D}.Release|Any CPU.ActiveCfg = Release|Any CPU
		{C1FAEFAA-AD17-4057-B323-637CA50A794D}.Release|Any CPU.Build.0 = Release|Any CPU
		{8504D419-ED48-4556-873B-23E8C5263EC8}.Debug|Any CPU.ActiveCfg = Debug|Any CPU
		{8504D419-ED48-4556-873B-23E8C5263EC8}.Debug|Any CPU.Build.0 = Debug|Any CPU
		{8504D419-ED48-4556-873B-23E8C5263EC8}.Release|Any CPU.ActiveCfg = Release|Any CPU
		{8504D419-ED48-4556-873B-23E8C5263EC8}.Release|Any CPU.Build.0 = Release|Any CPU
		{532AC325-D134-4FAF-9B91-F1F493EEC2D0}.Debug|Any CPU.ActiveCfg = Debug|Any CPU
		{532AC325-D134-4FAF-9B91-F1F493EEC2D0}.Debug|Any CPU.Build.0 = Debug|Any CPU
		{532AC325-D134-4FAF-9B91-F1F493EEC2D0}.Release|Any CPU.ActiveCfg = Release|Any CPU
		{532AC325-D134-4FAF-9B91-F1F493EEC2D0}.Release|Any CPU.Build.0 = Release|Any CPU
		{1A386DDF-C1FB-4522-9D2A-8B211B2B6030}.Debug|Any CPU.ActiveCfg = Debug|Any CPU
		{1A386DDF-C1FB-4522-9D2A-8B211B2B6030}.Debug|Any CPU.Build.0 = Debug|Any CPU
		{1A386DDF-C1FB-4522-9D2A-8B211B2B6030}.Release|Any CPU.ActiveCfg = Release|Any CPU
		{1A386DDF-C1FB-4522-9D2A-8B211B2B6030}.Release|Any CPU.Build.0 = Release|Any CPU
		{81B9C7E0-896C-4392-9131-B44A08FA62DC}.Debug|Any CPU.ActiveCfg = Debug|Any CPU
		{81B9C7E0-896C-4392-9131-B44A08FA62DC}.Debug|Any CPU.Build.0 = Debug|Any CPU
		{81B9C7E0-896C-4392-9131-B44A08FA62DC}.Release|Any CPU.ActiveCfg = Release|Any CPU
		{81B9C7E0-896C-4392-9131-B44A08FA62DC}.Release|Any CPU.Build.0 = Release|Any CPU
		{AE33DE52-F264-45B5-9028-789D6FF3CE33}.Debug|Any CPU.ActiveCfg = Debug|Any CPU
		{AE33DE52-F264-45B5-9028-789D6FF3CE33}.Debug|Any CPU.Build.0 = Debug|Any CPU
		{AE33DE52-F264-45B5-9028-789D6FF3CE33}.Release|Any CPU.ActiveCfg = Release|Any CPU
		{AE33DE52-F264-45B5-9028-789D6FF3CE33}.Release|Any CPU.Build.0 = Release|Any CPU
		{0D3A5769-5EA5-461F-A835-24B1F4301FDC}.Debug|Any CPU.ActiveCfg = Debug|Any CPU
		{0D3A5769-5EA5-461F-A835-24B1F4301FDC}.Debug|Any CPU.Build.0 = Debug|Any CPU
		{0D3A5769-5EA5-461F-A835-24B1F4301FDC}.Release|Any CPU.ActiveCfg = Release|Any CPU
		{0D3A5769-5EA5-461F-A835-24B1F4301FDC}.Release|Any CPU.Build.0 = Release|Any CPU
	EndGlobalSection
	GlobalSection(SolutionProperties) = preSolution
		HideSolutionNode = FALSE
	EndGlobalSection
	GlobalSection(ExtensibilityGlobals) = postSolution
		SolutionGuid = {03727699-3E79-4BBE-A8D0-7D9475BCA43B}
	EndGlobalSection
EndGlobal
